// !$*UTF8*$!
{
	archiveVersion = 1;
	classes = {
	};
	objectVersion = 50;
	objects = {

/* Begin PBXBuildFile section */
		0D7CC47B227C7D4A00962C5F /* PlanViewController.swift in Sources */ = {isa = PBXBuildFile; fileRef = 0D7CC47A227C7D4A00962C5F /* PlanViewController.swift */; };
		261F49AF227AD2FF0050C89B /* AppDelegate.swift in Sources */ = {isa = PBXBuildFile; fileRef = 261F49AE227AD2FF0050C89B /* AppDelegate.swift */; };
		261F49B1227AD2FF0050C89B /* ViewController.swift in Sources */ = {isa = PBXBuildFile; fileRef = 261F49B0227AD2FF0050C89B /* ViewController.swift */; };
		261F49B4227AD2FF0050C89B /* Main.storyboard in Resources */ = {isa = PBXBuildFile; fileRef = 261F49B2227AD2FF0050C89B /* Main.storyboard */; };
		261F49B7227AD2FF0050C89B /* CoPath.xcdatamodeld in Sources */ = {isa = PBXBuildFile; fileRef = 261F49B5227AD2FF0050C89B /* CoPath.xcdatamodeld */; };
		261F49B9227AD3000050C89B /* Assets.xcassets in Resources */ = {isa = PBXBuildFile; fileRef = 261F49B8227AD3000050C89B /* Assets.xcassets */; };
		261F49BC227AD3000050C89B /* LaunchScreen.storyboard in Resources */ = {isa = PBXBuildFile; fileRef = 261F49BA227AD3000050C89B /* LaunchScreen.storyboard */; };
		2673C8EC227CB6540015D61D /* PlaceRecommendationCell.swift in Sources */ = {isa = PBXBuildFile; fileRef = 2673C8EB227CB6540015D61D /* PlaceRecommendationCell.swift */; };
		D98F5A65227C9151007C24C5 /* CityViewController.swift in Sources */ = {isa = PBXBuildFile; fileRef = D98F5A64227C9151007C24C5 /* CityViewController.swift */; };
		D98F5A67227C9226007C24C5 /* Image.swift in Sources */ = {isa = PBXBuildFile; fileRef = D98F5A66227C9226007C24C5 /* Image.swift */; };
		D98F5A6B227C95AA007C24C5 /* CityCell.swift in Sources */ = {isa = PBXBuildFile; fileRef = D98F5A6A227C95AA007C24C5 /* CityCell.swift */; };
		D99D90CC227C233000E9D173 /* addPlanController.swift in Sources */ = {isa = PBXBuildFile; fileRef = D99D90CB227C233000E9D173 /* addPlanController.swift */; };
/* End PBXBuildFile section */

/* Begin PBXFileReference section */
		0D7CC47A227C7D4A00962C5F /* PlanViewController.swift */ = {isa = PBXFileReference; lastKnownFileType = sourcecode.swift; path = PlanViewController.swift; sourceTree = "<group>"; };
		261F49AB227AD2FF0050C89B /* CoPath.app */ = {isa = PBXFileReference; explicitFileType = wrapper.application; includeInIndex = 0; path = CoPath.app; sourceTree = BUILT_PRODUCTS_DIR; };
		261F49AE227AD2FF0050C89B /* AppDelegate.swift */ = {isa = PBXFileReference; lastKnownFileType = sourcecode.swift; path = AppDelegate.swift; sourceTree = "<group>"; };
		261F49B0227AD2FF0050C89B /* ViewController.swift */ = {isa = PBXFileReference; lastKnownFileType = sourcecode.swift; path = ViewController.swift; sourceTree = "<group>"; };
		261F49B3227AD2FF0050C89B /* Base */ = {isa = PBXFileReference; lastKnownFileType = file.storyboard; name = Base; path = Base.lproj/Main.storyboard; sourceTree = "<group>"; };
		261F49B6227AD2FF0050C89B /* CoPath.xcdatamodel */ = {isa = PBXFileReference; lastKnownFileType = wrapper.xcdatamodel; path = CoPath.xcdatamodel; sourceTree = "<group>"; };
		261F49B8227AD3000050C89B /* Assets.xcassets */ = {isa = PBXFileReference; lastKnownFileType = folder.assetcatalog; path = Assets.xcassets; sourceTree = "<group>"; };
		261F49BB227AD3000050C89B /* Base */ = {isa = PBXFileReference; lastKnownFileType = file.storyboard; name = Base; path = Base.lproj/LaunchScreen.storyboard; sourceTree = "<group>"; };
		261F49BD227AD3000050C89B /* Info.plist */ = {isa = PBXFileReference; lastKnownFileType = text.plist.xml; path = Info.plist; sourceTree = "<group>"; };
		2673C8EB227CB6540015D61D /* PlaceRecommendationCell.swift */ = {isa = PBXFileReference; lastKnownFileType = sourcecode.swift; path = PlaceRecommendationCell.swift; sourceTree = "<group>"; };
		D98F5A64227C9151007C24C5 /* CityViewController.swift */ = {isa = PBXFileReference; lastKnownFileType = sourcecode.swift; path = CityViewController.swift; sourceTree = "<group>"; };
		D98F5A66227C9226007C24C5 /* Image.swift */ = {isa = PBXFileReference; lastKnownFileType = sourcecode.swift; path = Image.swift; sourceTree = "<group>"; };
		D98F5A6A227C95AA007C24C5 /* CityCell.swift */ = {isa = PBXFileReference; lastKnownFileType = sourcecode.swift; path = CityCell.swift; sourceTree = "<group>"; };
		D99D90CB227C233000E9D173 /* addPlanController.swift */ = {isa = PBXFileReference; lastKnownFileType = sourcecode.swift; path = addPlanController.swift; sourceTree = "<group>"; };
/* End PBXFileReference section */

/* Begin PBXFrameworksBuildPhase section */
		261F49A8227AD2FF0050C89B /* Frameworks */ = {
			isa = PBXFrameworksBuildPhase;
			buildActionMask = 2147483647;
			files = (
			);
			runOnlyForDeploymentPostprocessing = 0;
		};
/* End PBXFrameworksBuildPhase section */

/* Begin PBXGroup section */
		261F49A2227AD2FF0050C89B = {
			isa = PBXGroup;
			children = (
				261F49AD227AD2FF0050C89B /* CoPath */,
				261F49AC227AD2FF0050C89B /* Products */,
			);
			sourceTree = "<group>";
		};
		261F49AC227AD2FF0050C89B /* Products */ = {
			isa = PBXGroup;
			children = (
				261F49AB227AD2FF0050C89B /* CoPath.app */,
			);
			name = Products;
			sourceTree = "<group>";
		};
		261F49AD227AD2FF0050C89B /* CoPath */ = {
			isa = PBXGroup;
			children = (
				261F49AE227AD2FF0050C89B /* AppDelegate.swift */,
				261F49B0227AD2FF0050C89B /* ViewController.swift */,
				0D7CC47A227C7D4A00962C5F /* PlanViewController.swift */,
				D99D90CB227C233000E9D173 /* addPlanController.swift */,
				D98F5A64227C9151007C24C5 /* CityViewController.swift */,
				D98F5A6A227C95AA007C24C5 /* CityCell.swift */,
				D98F5A66227C9226007C24C5 /* Image.swift */,
				261F49B2227AD2FF0050C89B /* Main.storyboard */,
				2673C8EB227CB6540015D61D /* PlaceRecommendationCell.swift */,
				261F49B8227AD3000050C89B /* Assets.xcassets */,
				261F49BA227AD3000050C89B /* LaunchScreen.storyboard */,
				261F49BD227AD3000050C89B /* Info.plist */,
				261F49B5227AD2FF0050C89B /* CoPath.xcdatamodeld */,
			);
			path = CoPath;
			sourceTree = "<group>";
		};
/* End PBXGroup section */

/* Begin PBXNativeTarget section */
		261F49AA227AD2FF0050C89B /* CoPath */ = {
			isa = PBXNativeTarget;
			buildConfigurationList = 261F49C0227AD3000050C89B /* Build configuration list for PBXNativeTarget "CoPath" */;
			buildPhases = (
				261F49A7227AD2FF0050C89B /* Sources */,
				261F49A8227AD2FF0050C89B /* Frameworks */,
				261F49A9227AD2FF0050C89B /* Resources */,
			);
			buildRules = (
			);
			dependencies = (
			);
			name = CoPath;
			productName = CoPath;
			productReference = 261F49AB227AD2FF0050C89B /* CoPath.app */;
			productType = "com.apple.product-type.application";
		};
/* End PBXNativeTarget section */

/* Begin PBXProject section */
		261F49A3227AD2FF0050C89B /* Project object */ = {
			isa = PBXProject;
			attributes = {
				LastSwiftUpdateCheck = 1020;
				LastUpgradeCheck = 1020;
				ORGANIZATIONNAME = Henkky;
				TargetAttributes = {
					261F49AA227AD2FF0050C89B = {
						CreatedOnToolsVersion = 10.2.1;
					};
				};
			};
			buildConfigurationList = 261F49A6227AD2FF0050C89B /* Build configuration list for PBXProject "CoPath" */;
			compatibilityVersion = "Xcode 9.3";
			developmentRegion = en;
			hasScannedForEncodings = 0;
			knownRegions = (
				en,
				Base,
			);
			mainGroup = 261F49A2227AD2FF0050C89B;
			productRefGroup = 261F49AC227AD2FF0050C89B /* Products */;
			projectDirPath = "";
			projectRoot = "";
			targets = (
				261F49AA227AD2FF0050C89B /* CoPath */,
			);
		};
/* End PBXProject section */

/* Begin PBXResourcesBuildPhase section */
		261F49A9227AD2FF0050C89B /* Resources */ = {
			isa = PBXResourcesBuildPhase;
			buildActionMask = 2147483647;
			files = (
				261F49BC227AD3000050C89B /* LaunchScreen.storyboard in Resources */,
				261F49B9227AD3000050C89B /* Assets.xcassets in Resources */,
				261F49B4227AD2FF0050C89B /* Main.storyboard in Resources */,
			);
			runOnlyForDeploymentPostprocessing = 0;
		};
/* End PBXResourcesBuildPhase section */

/* Begin PBXSourcesBuildPhase section */
		261F49A7227AD2FF0050C89B /* Sources */ = {
			isa = PBXSourcesBuildPhase;
			buildActionMask = 2147483647;
			files = (
				D98F5A67227C9226007C24C5 /* Image.swift in Sources */,
				261F49B1227AD2FF0050C89B /* ViewController.swift in Sources */,
				D98F5A6B227C95AA007C24C5 /* CityCell.swift in Sources */,
				2673C8EC227CB6540015D61D /* PlaceRecommendationCell.swift in Sources */,
				0D7CC47B227C7D4A00962C5F /* PlanViewController.swift in Sources */,
				261F49B7227AD2FF0050C89B /* CoPath.xcdatamodeld in Sources */,
				D99D90CC227C233000E9D173 /* addPlanController.swift in Sources */,
				261F49AF227AD2FF0050C89B /* AppDelegate.swift in Sources */,
				D98F5A65227C9151007C24C5 /* CityViewController.swift in Sources */,
			);
			runOnlyForDeploymentPostprocessing = 0;
		};
/* End PBXSourcesBuildPhase section */

/* Begin PBXVariantGroup section */
		261F49B2227AD2FF0050C89B /* Main.storyboard */ = {
			isa = PBXVariantGroup;
			children = (
				261F49B3227AD2FF0050C89B /* Base */,
			);
			name = Main.storyboard;
			sourceTree = "<group>";
		};
		261F49BA227AD3000050C89B /* LaunchScreen.storyboard */ = {
			isa = PBXVariantGroup;
			children = (
				261F49BB227AD3000050C89B /* Base */,
			);
			name = LaunchScreen.storyboard;
			sourceTree = "<group>";
		};
/* End PBXVariantGroup section */

/* Begin XCBuildConfiguration section */
		261F49BE227AD3000050C89B /* Debug */ = {
			isa = XCBuildConfiguration;
			buildSettings = {
				ALWAYS_SEARCH_USER_PATHS = NO;
				CLANG_ANALYZER_NONNULL = YES;
				CLANG_ANALYZER_NUMBER_OBJECT_CONVERSION = YES_AGGRESSIVE;
				CLANG_CXX_LANGUAGE_STANDARD = "gnu++14";
				CLANG_CXX_LIBRARY = "libc++";
				CLANG_ENABLE_MODULES = YES;
				CLANG_ENABLE_OBJC_ARC = YES;
				CLANG_ENABLE_OBJC_WEAK = YES;
				CLANG_WARN_BLOCK_CAPTURE_AUTORELEASING = YES;
				CLANG_WARN_BOOL_CONVERSION = YES;
				CLANG_WARN_COMMA = YES;
				CLANG_WARN_CONSTANT_CONVERSION = YES;
				CLANG_WARN_DEPRECATED_OBJC_IMPLEMENTATIONS = YES;
				CLANG_WARN_DIRECT_OBJC_ISA_USAGE = YES_ERROR;
				CLANG_WARN_DOCUMENTATION_COMMENTS = YES;
				CLANG_WARN_EMPTY_BODY = YES;
				CLANG_WARN_ENUM_CONVERSION = YES;
				CLANG_WARN_INFINITE_RECURSION = YES;
				CLANG_WARN_INT_CONVERSION = YES;
				CLANG_WARN_NON_LITERAL_NULL_CONVERSION = YES;
				CLANG_WARN_OBJC_IMPLICIT_RETAIN_SELF = YES;
				CLANG_WARN_OBJC_LITERAL_CONVERSION = YES;
				CLANG_WARN_OBJC_ROOT_CLASS = YES_ERROR;
				CLANG_WARN_RANGE_LOOP_ANALYSIS = YES;
				CLANG_WARN_STRICT_PROTOTYPES = YES;
				CLANG_WARN_SUSPICIOUS_MOVE = YES;
				CLANG_WARN_UNGUARDED_AVAILABILITY = YES_AGGRESSIVE;
				CLANG_WARN_UNREACHABLE_CODE = YES;
				CLANG_WARN__DUPLICATE_METHOD_MATCH = YES;
				CODE_SIGN_IDENTITY = "iPhone Developer";
				COPY_PHASE_STRIP = NO;
				DEBUG_INFORMATION_FORMAT = dwarf;
				ENABLE_STRICT_OBJC_MSGSEND = YES;
				ENABLE_TESTABILITY = YES;
				GCC_C_LANGUAGE_STANDARD = gnu11;
				GCC_DYNAMIC_NO_PIC = NO;
				GCC_NO_COMMON_BLOCKS = YES;
				GCC_OPTIMIZATION_LEVEL = 0;
				GCC_PREPROCESSOR_DEFINITIONS = (
					"DEBUG=1",
					"$(inherited)",
				);
				GCC_WARN_64_TO_32_BIT_CONVERSION = YES;
				GCC_WARN_ABOUT_RETURN_TYPE = YES_ERROR;
				GCC_WARN_UNDECLARED_SELECTOR = YES;
				GCC_WARN_UNINITIALIZED_AUTOS = YES_AGGRESSIVE;
				GCC_WARN_UNUSED_FUNCTION = YES;
				GCC_WARN_UNUSED_VARIABLE = YES;
				IPHONEOS_DEPLOYMENT_TARGET = 12.2;
				MTL_ENABLE_DEBUG_INFO = INCLUDE_SOURCE;
				MTL_FAST_MATH = YES;
				ONLY_ACTIVE_ARCH = YES;
				SDKROOT = iphoneos;
				SWIFT_ACTIVE_COMPILATION_CONDITIONS = DEBUG;
				SWIFT_OPTIMIZATION_LEVEL = "-Onone";
			};
			name = Debug;
		};
		261F49BF227AD3000050C89B /* Release */ = {
			isa = XCBuildConfiguration;
			buildSettings = {
				ALWAYS_SEARCH_USER_PATHS = NO;
				CLANG_ANALYZER_NONNULL = YES;
				CLANG_ANALYZER_NUMBER_OBJECT_CONVERSION = YES_AGGRESSIVE;
				CLANG_CXX_LANGUAGE_STANDARD = "gnu++14";
				CLANG_CXX_LIBRARY = "libc++";
				CLANG_ENABLE_MODULES = YES;
				CLANG_ENABLE_OBJC_ARC = YES;
				CLANG_ENABLE_OBJC_WEAK = YES;
				CLANG_WARN_BLOCK_CAPTURE_AUTORELEASING = YES;
				CLANG_WARN_BOOL_CONVERSION = YES;
				CLANG_WARN_COMMA = YES;
				CLANG_WARN_CONSTANT_CONVERSION = YES;
				CLANG_WARN_DEPRECATED_OBJC_IMPLEMENTATIONS = YES;
				CLANG_WARN_DIRECT_OBJC_ISA_USAGE = YES_ERROR;
				CLANG_WARN_DOCUMENTATION_COMMENTS = YES;
				CLANG_WARN_EMPTY_BODY = YES;
				CLANG_WARN_ENUM_CONVERSION = YES;
				CLANG_WARN_INFINITE_RECURSION = YES;
				CLANG_WARN_INT_CONVERSION = YES;
				CLANG_WARN_NON_LITERAL_NULL_CONVERSION = YES;
				CLANG_WARN_OBJC_IMPLICIT_RETAIN_SELF = YES;
				CLANG_WARN_OBJC_LITERAL_CONVERSION = YES;
				CLANG_WARN_OBJC_ROOT_CLASS = YES_ERROR;
				CLANG_WARN_RANGE_LOOP_ANALYSIS = YES;
				CLANG_WARN_STRICT_PROTOTYPES = YES;
				CLANG_WARN_SUSPICIOUS_MOVE = YES;
				CLANG_WARN_UNGUARDED_AVAILABILITY = YES_AGGRESSIVE;
				CLANG_WARN_UNREACHABLE_CODE = YES;
				CLANG_WARN__DUPLICATE_METHOD_MATCH = YES;
				CODE_SIGN_IDENTITY = "iPhone Developer";
				COPY_PHASE_STRIP = NO;
				DEBUG_INFORMATION_FORMAT = "dwarf-with-dsym";
				ENABLE_NS_ASSERTIONS = NO;
				ENABLE_STRICT_OBJC_MSGSEND = YES;
				GCC_C_LANGUAGE_STANDARD = gnu11;
				GCC_NO_COMMON_BLOCKS = YES;
				GCC_WARN_64_TO_32_BIT_CONVERSION = YES;
				GCC_WARN_ABOUT_RETURN_TYPE = YES_ERROR;
				GCC_WARN_UNDECLARED_SELECTOR = YES;
				GCC_WARN_UNINITIALIZED_AUTOS = YES_AGGRESSIVE;
				GCC_WARN_UNUSED_FUNCTION = YES;
				GCC_WARN_UNUSED_VARIABLE = YES;
				IPHONEOS_DEPLOYMENT_TARGET = 12.2;
				MTL_ENABLE_DEBUG_INFO = NO;
				MTL_FAST_MATH = YES;
				SDKROOT = iphoneos;
				SWIFT_COMPILATION_MODE = wholemodule;
				SWIFT_OPTIMIZATION_LEVEL = "-O";
				VALIDATE_PRODUCT = YES;
			};
			name = Release;
		};
		261F49C1227AD3000050C89B /* Debug */ = {
			isa = XCBuildConfiguration;
			buildSettings = {
				ASSETCATALOG_COMPILER_APPICON_NAME = AppIcon;
				CODE_SIGN_STYLE = Automatic;
				DEVELOPMENT_TEAM = 5Q5GD5B3BN;
				INFOPLIST_FILE = CoPath/Info.plist;
				LD_RUNPATH_SEARCH_PATHS = (
					"$(inherited)",
					"@executable_path/Frameworks",
				);
				PRODUCT_BUNDLE_IDENTIFIER = edu.henk.CoPath;
				PRODUCT_NAME = "$(TARGET_NAME)";
				SWIFT_VERSION = 5.0;
				TARGETED_DEVICE_FAMILY = "1,2";
			};
			name = Debug;
		};
		261F49C2227AD3000050C89B /* Release */ = {
			isa = XCBuildConfiguration;
			buildSettings = {
				ASSETCATALOG_COMPILER_APPICON_NAME = AppIcon;
				CODE_SIGN_STYLE = Automatic;
				DEVELOPMENT_TEAM = 5Q5GD5B3BN;
				INFOPLIST_FILE = CoPath/Info.plist;
				LD_RUNPATH_SEARCH_PATHS = (
					"$(inherited)",
					"@executable_path/Frameworks",
				);
				PRODUCT_BUNDLE_IDENTIFIER = edu.henk.CoPath;
				PRODUCT_NAME = "$(TARGET_NAME)";
				SWIFT_VERSION = 5.0;
				TARGETED_DEVICE_FAMILY = "1,2";
			};
			name = Release;
		};
/* End XCBuildConfiguration section */

/* Begin XCConfigurationList section */
		261F49A6227AD2FF0050C89B /* Build configuration list for PBXProject "CoPath" */ = {
			isa = XCConfigurationList;
			buildConfigurations = (
				261F49BE227AD3000050C89B /* Debug */,
				261F49BF227AD3000050C89B /* Release */,
			);
			defaultConfigurationIsVisible = 0;
			defaultConfigurationName = Release;
		};
		261F49C0227AD3000050C89B /* Build configuration list for PBXNativeTarget "CoPath" */ = {
			isa = XCConfigurationList;
			buildConfigurations = (
				261F49C1227AD3000050C89B /* Debug */,
				261F49C2227AD3000050C89B /* Release */,
			);
			defaultConfigurationIsVisible = 0;
			defaultConfigurationName = Release;
		};
/* End XCConfigurationList section */

/* Begin XCVersionGroup section */
		261F49B5227AD2FF0050C89B /* CoPath.xcdatamodeld */ = {
			isa = XCVersionGroup;
			children = (
				261F49B6227AD2FF0050C89B /* CoPath.xcdatamodel */,
			);
			currentVersion = 261F49B6227AD2FF0050C89B /* CoPath.xcdatamodel */;
			path = CoPath.xcdatamodeld;
			sourceTree = "<group>";
			versionGroupType = wrapper.xcdatamodel;
		};
/* End XCVersionGroup section */
	};
	rootObject = 261F49A3227AD2FF0050C89B /* Project object */;
}
